// !$*UTF8*$!
{
	archiveVersion = 1;
	classes = {
	};
	objectVersion = 55;
	objects = {

/* Begin PBXBuildFile section */
		2983275E272632CA0061EC61 /* main.cpp in Sources */ = {isa = PBXBuildFile; fileRef = 2983275D272632CA0061EC61 /* main.cpp */; };
		29832766272633000061EC61 /* OpenCL.framework in Frameworks */ = {isa = PBXBuildFile; fileRef = 29832765272633000061EC61 /* OpenCL.framework */; };
		29832768272633080061EC61 /* OpenGL.framework in Frameworks */ = {isa = PBXBuildFile; fileRef = 29832767272633080061EC61 /* OpenGL.framework */; };
		2983276B272634BB0061EC61 /* libglut.3.11.0.dylib in Frameworks */ = {isa = PBXBuildFile; fileRef = 2983276A272634BB0061EC61 /* libglut.3.11.0.dylib */; };
		2983276D272634DE0061EC61 /* libasan.6.dylib in Frameworks */ = {isa = PBXBuildFile; fileRef = 2983276C272634DE0061EC61 /* libasan.6.dylib */; };
/* End PBXBuildFile section */

/* Begin PBXCopyFilesBuildPhase section */
		29832758272632CA0061EC61 /* CopyFiles */ = {
			isa = PBXCopyFilesBuildPhase;
			buildActionMask = 2147483647;
			dstPath = /usr/share/man/man1/;
			dstSubfolderSpec = 0;
			files = (
			);
			runOnlyForDeploymentPostprocessing = 1;
		};
/* End PBXCopyFilesBuildPhase section */

/* Begin PBXFileReference section */
		2983275A272632CA0061EC61 /* comp-426-assign-2-programming */ = {isa = PBXFileReference; explicitFileType = "compiled.mach-o.executable"; includeInIndex = 0; path = "comp-426-assign-2-programming"; sourceTree = BUILT_PRODUCTS_DIR; };
		2983275D272632CA0061EC61 /* main.cpp */ = {isa = PBXFileReference; lastKnownFileType = sourcecode.cpp.cpp; path = main.cpp; sourceTree = "<group>"; };
		29832765272633000061EC61 /* OpenCL.framework */ = {isa = PBXFileReference; lastKnownFileType = wrapper.framework; name = OpenCL.framework; path = System/Library/Frameworks/OpenCL.framework; sourceTree = SDKROOT; };
		29832767272633080061EC61 /* OpenGL.framework */ = {isa = PBXFileReference; lastKnownFileType = wrapper.framework; name = OpenGL.framework; path = System/Library/Frameworks/OpenGL.framework; sourceTree = SDKROOT; };
		29832769272633C80061EC61 /* Patterns.h */ = {isa = PBXFileReference; lastKnownFileType = sourcecode.c.h; path = Patterns.h; sourceTree = "<group>"; };
		2983276A272634BB0061EC61 /* libglut.3.11.0.dylib */ = {isa = PBXFileReference; lastKnownFileType = "compiled.mach-o.dylib"; name = libglut.3.11.0.dylib; path = ../../../../../../../../usr/local/Cellar/freeglut/3.2.1_1/lib/libglut.3.11.0.dylib; sourceTree = "<group>"; };
		2983276C272634DE0061EC61 /* libasan.6.dylib */ = {isa = PBXFileReference; lastKnownFileType = "compiled.mach-o.dylib"; name = libasan.6.dylib; path = ../../../../../../../../usr/local/Cellar/gcc/11.2.0/lib/gcc/11/libasan.6.dylib; sourceTree = "<group>"; };
		29AC61D6272DF21400204E9A /* Files */ = {isa = PBXFileReference; lastKnownFileType = folder; path = Files; sourceTree = "<group>"; };
/* End PBXFileReference section */

/* Begin PBXFrameworksBuildPhase section */
		29832757272632CA0061EC61 /* Frameworks */ = {
			isa = PBXFrameworksBuildPhase;
			buildActionMask = 2147483647;
			files = (
				2983276D272634DE0061EC61 /* libasan.6.dylib in Frameworks */,
				2983276B272634BB0061EC61 /* libglut.3.11.0.dylib in Frameworks */,
				29832768272633080061EC61 /* OpenGL.framework in Frameworks */,
				29832766272633000061EC61 /* OpenCL.framework in Frameworks */,
			);
			runOnlyForDeploymentPostprocessing = 0;
		};
/* End PBXFrameworksBuildPhase section */

/* Begin PBXGroup section */
		29832751272632CA0061EC61 = {
			isa = PBXGroup;
			children = (
				2983275C272632CA0061EC61 /* comp-426-assign-2-programming */,
				2983275B272632CA0061EC61 /* Products */,
				29832764272633000061EC61 /* Frameworks */,
			);
			sourceTree = "<group>";
		};
		2983275B272632CA0061EC61 /* Products */ = {
			isa = PBXGroup;
			children = (
				2983275A272632CA0061EC61 /* comp-426-assign-2-programming */,
			);
			name = Products;
			sourceTree = "<group>";
		};
		2983275C272632CA0061EC61 /* comp-426-assign-2-programming */ = {
			isa = PBXGroup;
			children = (
				29AC61D6272DF21400204E9A /* Files */,
				2983275D272632CA0061EC61 /* main.cpp */,
				29832769272633C80061EC61 /* Patterns.h */,
			);
			path = "comp-426-assign-2-programming";
			sourceTree = "<group>";
		};
		29832764272633000061EC61 /* Frameworks */ = {
			isa = PBXGroup;
			children = (
				2983276C272634DE0061EC61 /* libasan.6.dylib */,
				2983276A272634BB0061EC61 /* libglut.3.11.0.dylib */,
				29832767272633080061EC61 /* OpenGL.framework */,
				29832765272633000061EC61 /* OpenCL.framework */,
			);
			name = Frameworks;
			sourceTree = "<group>";
		};
/* End PBXGroup section */

/* Begin PBXNativeTarget section */
		29832759272632CA0061EC61 /* comp-426-assign-2-programming */ = {
			isa = PBXNativeTarget;
			buildConfigurationList = 29832761272632CA0061EC61 /* Build configuration list for PBXNativeTarget "comp-426-assign-2-programming" */;
			buildPhases = (
				29832756272632CA0061EC61 /* Sources */,
				29832757272632CA0061EC61 /* Frameworks */,
				29832758272632CA0061EC61 /* CopyFiles */,
			);
			buildRules = (
			);
			dependencies = (
			);
			name = "comp-426-assign-2-programming";
			productName = "comp-426-assign-2-programming";
			productReference = 2983275A272632CA0061EC61 /* comp-426-assign-2-programming */;
			productType = "com.apple.product-type.tool";
		};
/* End PBXNativeTarget section */

/* Begin PBXProject section */
		29832752272632CA0061EC61 /* Project object */ = {
			isa = PBXProject;
			attributes = {
				BuildIndependentTargetsInParallel = 1;
				LastUpgradeCheck = 1310;
				TargetAttributes = {
					29832759272632CA0061EC61 = {
						CreatedOnToolsVersion = 13.0;
					};
				};
			};
			buildConfigurationList = 29832755272632CA0061EC61 /* Build configuration list for PBXProject "comp-426-assign-2-programming" */;
			compatibilityVersion = "Xcode 13.0";
			developmentRegion = en;
			hasScannedForEncodings = 0;
			knownRegions = (
				en,
				Base,
			);
			mainGroup = 29832751272632CA0061EC61;
			productRefGroup = 2983275B272632CA0061EC61 /* Products */;
			projectDirPath = "";
			projectRoot = "";
			targets = (
				29832759272632CA0061EC61 /* comp-426-assign-2-programming */,
			);
		};
/* End PBXProject section */

/* Begin PBXSourcesBuildPhase section */
		29832756272632CA0061EC61 /* Sources */ = {
			isa = PBXSourcesBuildPhase;
			buildActionMask = 2147483647;
			files = (
				2983275E272632CA0061EC61 /* main.cpp in Sources */,
			);
			runOnlyForDeploymentPostprocessing = 0;
		};
/* End PBXSourcesBuildPhase section */

/* Begin XCBuildConfiguration section */
		2983275F272632CA0061EC61 /* Debug */ = {
			isa = XCBuildConfiguration;
			buildSettings = {
				ALWAYS_SEARCH_USER_PATHS = NO;
				CLANG_ANALYZER_NONNULL = YES;
				CLANG_ANALYZER_NUMBER_OBJECT_CONVERSION = YES_AGGRESSIVE;
				CLANG_CXX_LANGUAGE_STANDARD = "gnu++17";
				CLANG_CXX_LIBRARY = "libc++";
				CLANG_ENABLE_MODULES = YES;
				CLANG_ENABLE_OBJC_ARC = YES;
				CLANG_ENABLE_OBJC_WEAK = YES;
				CLANG_WARN_BLOCK_CAPTURE_AUTORELEASING = YES;
				CLANG_WARN_BOOL_CONVERSION = YES;
				CLANG_WARN_COMMA = YES;
				CLANG_WARN_CONSTANT_CONVERSION = YES;
				CLANG_WARN_DEPRECATED_OBJC_IMPLEMENTATIONS = YES;
				CLANG_WARN_DIRECT_OBJC_ISA_USAGE = YES_ERROR;
				CLANG_WARN_DOCUMENTATION_COMMENTS = YES;
				CLANG_WARN_EMPTY_BODY = YES;
				CLANG_WARN_ENUM_CONVERSION = YES;
				CLANG_WARN_INFINITE_RECURSION = YES;
				CLANG_WARN_INT_CONVERSION = YES;
				CLANG_WARN_NON_LITERAL_NULL_CONVERSION = YES;
				CLANG_WARN_OBJC_IMPLICIT_RETAIN_SELF = YES;
				CLANG_WARN_OBJC_LITERAL_CONVERSION = YES;
				CLANG_WARN_OBJC_ROOT_CLASS = YES_ERROR;
				CLANG_WARN_QUOTED_INCLUDE_IN_FRAMEWORK_HEADER = YES;
				CLANG_WARN_RANGE_LOOP_ANALYSIS = YES;
				CLANG_WARN_STRICT_PROTOTYPES = YES;
				CLANG_WARN_SUSPICIOUS_MOVE = YES;
				CLANG_WARN_UNGUARDED_AVAILABILITY = YES_AGGRESSIVE;
				CLANG_WARN_UNREACHABLE_CODE = YES;
				CLANG_WARN__DUPLICATE_METHOD_MATCH = YES;
				COPY_PHASE_STRIP = NO;
				DEBUG_INFORMATION_FORMAT = dwarf;
				ENABLE_STRICT_OBJC_MSGSEND = YES;
				ENABLE_TESTABILITY = YES;
				GCC_C_LANGUAGE_STANDARD = gnu11;
				GCC_DYNAMIC_NO_PIC = NO;
				GCC_NO_COMMON_BLOCKS = YES;
				GCC_OPTIMIZATION_LEVEL = 0;
				GCC_PREPROCESSOR_DEFINITIONS = (
					"DEBUG=1",
					"$(inherited)",
				);
				GCC_WARN_64_TO_32_BIT_CONVERSION = YES;
				GCC_WARN_ABOUT_RETURN_TYPE = YES_ERROR;
				GCC_WARN_UNDECLARED_SELECTOR = YES;
				GCC_WARN_UNINITIALIZED_AUTOS = YES_AGGRESSIVE;
				GCC_WARN_UNUSED_FUNCTION = YES;
				GCC_WARN_UNUSED_VARIABLE = YES;
				MACOSX_DEPLOYMENT_TARGET = 11.3;
				MTL_ENABLE_DEBUG_INFO = INCLUDE_SOURCE;
				MTL_FAST_MATH = YES;
				ONLY_ACTIVE_ARCH = YES;
				SDKROOT = macosx;
			};
			name = Debug;
		};
		29832760272632CA0061EC61 /* Release */ = {
			isa = XCBuildConfiguration;
			buildSettings = {
				ALWAYS_SEARCH_USER_PATHS = NO;
				CLANG_ANALYZER_NONNULL = YES;
				CLANG_ANALYZER_NUMBER_OBJECT_CONVERSION = YES_AGGRESSIVE;
				CLANG_CXX_LANGUAGE_STANDARD = "gnu++17";
				CLANG_CXX_LIBRARY = "libc++";
				CLANG_ENABLE_MODULES = YES;
				CLANG_ENABLE_OBJC_ARC = YES;
				CLANG_ENABLE_OBJC_WEAK = YES;
				CLANG_WARN_BLOCK_CAPTURE_AUTORELEASING = YES;
				CLANG_WARN_BOOL_CONVERSION = YES;
				CLANG_WARN_COMMA = YES;
				CLANG_WARN_CONSTANT_CONVERSION = YES;
				CLANG_WARN_DEPRECATED_OBJC_IMPLEMENTATIONS = YES;
				CLANG_WARN_DIRECT_OBJC_ISA_USAGE = YES_ERROR;
				CLANG_WARN_DOCUMENTATION_COMMENTS = YES;
				CLANG_WARN_EMPTY_BODY = YES;
				CLANG_WARN_ENUM_CONVERSION = YES;
				CLANG_WARN_INFINITE_RECURSION = YES;
				CLANG_WARN_INT_CONVERSION = YES;
				CLANG_WARN_NON_LITERAL_NULL_CONVERSION = YES;
				CLANG_WARN_OBJC_IMPLICIT_RETAIN_SELF = YES;
				CLANG_WARN_OBJC_LITERAL_CONVERSION = YES;
				CLANG_WARN_OBJC_ROOT_CLASS = YES_ERROR;
				CLANG_WARN_QUOTED_INCLUDE_IN_FRAMEWORK_HEADER = YES;
				CLANG_WARN_RANGE_LOOP_ANALYSIS = YES;
				CLANG_WARN_STRICT_PROTOTYPES = YES;
				CLANG_WARN_SUSPICIOUS_MOVE = YES;
				CLANG_WARN_UNGUARDED_AVAILABILITY = YES_AGGRESSIVE;
				CLANG_WARN_UNREACHABLE_CODE = YES;
				CLANG_WARN__DUPLICATE_METHOD_MATCH = YES;
				COPY_PHASE_STRIP = NO;
				DEBUG_INFORMATION_FORMAT = "dwarf-with-dsym";
				ENABLE_NS_ASSERTIONS = NO;
				ENABLE_STRICT_OBJC_MSGSEND = YES;
				GCC_C_LANGUAGE_STANDARD = gnu11;
				GCC_NO_COMMON_BLOCKS = YES;
				GCC_WARN_64_TO_32_BIT_CONVERSION = YES;
				GCC_WARN_ABOUT_RETURN_TYPE = YES_ERROR;
				GCC_WARN_UNDECLARED_SELECTOR = YES;
				GCC_WARN_UNINITIALIZED_AUTOS = YES_AGGRESSIVE;
				GCC_WARN_UNUSED_FUNCTION = YES;
				GCC_WARN_UNUSED_VARIABLE = YES;
				MACOSX_DEPLOYMENT_TARGET = 11.3;
				MTL_ENABLE_DEBUG_INFO = NO;
				MTL_FAST_MATH = YES;
				SDKROOT = macosx;
			};
			name = Release;
		};
		29832762272632CA0061EC61 /* Debug */ = {
			isa = XCBuildConfiguration;
			buildSettings = {
				CODE_SIGN_IDENTITY = "-";
				CODE_SIGN_STYLE = Automatic;
				HEADER_SEARCH_PATHS = (
					/usr/local/Cellar/libomp/13.0.0/include,
					/usr/local/Cellar/glew/2.2.0_1/include,
					/usr/local/Cellar/freeglut/3.2.1_1/include,
					/usr/local/Cellar/tbb/2021.4.0/include,
				);
				LIBRARY_SEARCH_PATHS = (
					"$(inherited)",
					/usr/local/Cellar/freeglut/3.2.1_1/lib,
					/usr/local/Cellar/gcc/11.2.0/lib/gcc/11,
				);
				PRODUCT_NAME = "$(TARGET_NAME)";
			};
			name = Debug;
		};
		29832763272632CA0061EC61 /* Release */ = {
			isa = XCBuildConfiguration;
			buildSettings = {
				CODE_SIGN_IDENTITY = "-";
				CODE_SIGN_STYLE = Automatic;
				HEADER_SEARCH_PATHS = (
					/usr/local/Cellar/libomp/13.0.0/include,
					/usr/local/Cellar/glew/2.2.0_1/include,
					/usr/local/Cellar/freeglut/3.2.1_1/include,
					/usr/local/Cellar/tbb/2021.4.0/include,
				);
				LIBRARY_SEARCH_PATHS = (
					"$(inherited)",
					/usr/local/Cellar/freeglut/3.2.1_1/lib,
					/usr/local/Cellar/gcc/11.2.0/lib/gcc/11,
				);
				PRODUCT_NAME = "$(TARGET_NAME)";
			};
			name = Release;
		};
/* End XCBuildConfiguration section */

/* Begin XCConfigurationList section */
		29832755272632CA0061EC61 /* Build configuration list for PBXProject "comp-426-assign-2-programming" */ = {
			isa = XCConfigurationList;
			buildConfigurations = (
				2983275F272632CA0061EC61 /* Debug */,
				29832760272632CA0061EC61 /* Release */,
			);
			defaultConfigurationIsVisible = 0;
			defaultConfigurationName = Release;
		};
		29832761272632CA0061EC61 /* Build configuration list for PBXNativeTarget "comp-426-assign-2-programming" */ = {
			isa = XCConfigurationList;
			buildConfigurations = (
				29832762272632CA0061EC61 /* Debug */,
				29832763272632CA0061EC61 /* Release */,
			);
			defaultConfigurationIsVisible = 0;
			defaultConfigurationName = Release;
		};
/* End XCConfigurationList section */
	};
	rootObject = 29832752272632CA0061EC61 /* Project object */;
}
